{
  "name": "prooflyt-jva-spec",
  "version": "file:../../../private/tmp/p-spec/jva-spec-repo",
  "lockfileVersion": 3,
  "requires": true,
  "packages": {
    "": {
      "name": "prooflyt-jva-spec",
      "version": "0.1.0",
      "workspaces": [
        "packages/*"
      ],
      "devDependencies": {
        "typescript": "^5.8.3"
      }
    },
    "../../../private/tmp/p-spec/jva-spec-repo/node_modules/@prooflyt/contracts": {
      "resolved": "packages/contracts",
      "link": true
    },
    "../../../private/tmp/p-spec/jva-spec-repo/node_modules/@prooflyt/domain": {
      "resolved": "packages/domain",
      "link": true
    },
    "../../../private/tmp/p-spec/jva-spec-repo/node_modules/@prooflyt/mapping": {
      "resolved": "packages/mapping",
      "link": true
    },
    "../../../private/tmp/p-spec/jva-spec-repo/node_modules/typescript": {
      "version": "5.9.3",
      "resolved": "https://registry.npmjs.org/typescript/-/typescript-5.9.3.tgz",
      "integrity": "sha512-jl1vZzPDinLr9eUt3J/t7V6FgNEw9QjvBPdysz9KfQDD41fQrC2Y4vKQdiaUpFT4bXlb1RHhLpp8wtm6M5TgSw==",
      "dev": true,
      "license": "Apache-2.0",
      "bin": {
        "tsc": "bin/tsc",
        "tsserver": "bin/tsserver"
      },
      "engines": {
        "node": ">=14.17"
      }
    },
    "packages/contracts": {
      "name": "@prooflyt/contracts",
      "extraneous": true
    },
    "packages/domain": {
      "name": "@prooflyt/domain",
      "extraneous": true,
      "dependencies": {
        "@prooflyt/contracts": "*"
      }
    },
    "packages/mapping": {
      "name": "@prooflyt/mapping",
      "extraneous": true,
      "dependencies": {
        "@prooflyt/contracts": "*"
      }
    }
  }
}
